
Microsoft Visual Studio Solution File, Format Version 12.00
# Visual Studio 15
VisualStudioVersion = 15.0.27130.2036
MinimumVisualStudioVersion = 10.0.40219.1
Project("{FAE04EC0-301F-11D3-BF4B-00C04F79EFBC}") = "ToDoList.BusLayer", "ToDoList.BusLayer\ToDoList.BusLayer.csproj", "{710138FB-F928-47F1-A18E-345A23FF28B6}"
EndProject
Project("{FAE04EC0-301F-11D3-BF4B-00C04F79EFBC}") = "TotDoList.DAL", "TotDoList.DAL\TotDoList.DAL.csproj", "{AA97E59A-F201-4210-AD47-4FBB9E5E85D0}"
EndProject
Project("{FAE04EC0-301F-11D3-BF4B-00C04F79EFBC}") = "ToDoList.Service", "ToDoList.Service\ToDoList.Service.csproj", "{24C1D446-7B08-4AD9-954E-F193603AECE8}"
EndProject
Project("{FAE04EC0-301F-11D3-BF4B-00C04F79EFBC}") = "ToDoList.PresentationWPF", "ToDoList.PresentationWPF\ToDoList.PresentationWPF.csproj", "{A9C96861-8A59-41F2-B312-42330A816CD5}"
EndProject
Project("{FAE04EC0-301F-11D3-BF4B-00C04F79EFBC}") = "TotDoList.DALTests", "TotDoList.DALTests\TotDoList.DALTests.csproj", "{2777AA47-DC66-41D1-95D3-CA2EBE112813}"
EndProject
Project("{FAE04EC0-301F-11D3-BF4B-00C04F79EFBC}") = "ToDoList.Domain", "ToDoList.Domain\ToDoList.Domain.csproj", "{647F5CEB-823B-4BFF-A892-02D083FF8565}"
EndProject
Global
	GlobalSection(SolutionConfigurationPlatforms) = preSolution
		Debug|Any CPU = Debug|Any CPU
		Release|Any CPU = Release|Any CPU
	EndGlobalSection
	GlobalSection(ProjectConfigurationPlatforms) = postSolution
		{710138FB-F928-47F1-A18E-345A23FF28B6}.Debug|Any CPU.ActiveCfg = Debug|Any CPU
		{710138FB-F928-47F1-A18E-345A23FF28B6}.Debug|Any CPU.Build.0 = Debug|Any CPU
		{710138FB-F928-47F1-A18E-345A23FF28B6}.Release|Any CPU.ActiveCfg = Release|Any CPU
		{710138FB-F928-47F1-A18E-345A23FF28B6}.Release|Any CPU.Build.0 = Release|Any CPU
		{AA97E59A-F201-4210-AD47-4FBB9E5E85D0}.Debug|Any CPU.ActiveCfg = Debug|Any CPU
		{AA97E59A-F201-4210-AD47-4FBB9E5E85D0}.Debug|Any CPU.Build.0 = Debug|Any CPU
		{AA97E59A-F201-4210-AD47-4FBB9E5E85D0}.Release|Any CPU.ActiveCfg = Release|Any CPU
		{AA97E59A-F201-4210-AD47-4FBB9E5E85D0}.Release|Any CPU.Build.0 = Release|Any CPU
		{24C1D446-7B08-4AD9-954E-F193603AECE8}.Debug|Any CPU.ActiveCfg = Debug|Any CPU
		{24C1D446-7B08-4AD9-954E-F193603AECE8}.Debug|Any CPU.Build.0 = Debug|Any CPU
		{24C1D446-7B08-4AD9-954E-F193603AECE8}.Release|Any CPU.ActiveCfg = Release|Any CPU
		{24C1D446-7B08-4AD9-954E-F193603AECE8}.Release|Any CPU.Build.0 = Release|Any CPU
		{A9C96861-8A59-41F2-B312-42330A816CD5}.Debug|Any CPU.ActiveCfg = Debug|Any CPU
		{A9C96861-8A59-41F2-B312-42330A816CD5}.Debug|Any CPU.Build.0 = Debug|Any CPU
		{A9C96861-8A59-41F2-B312-42330A816CD5}.Release|Any CPU.ActiveCfg = Release|Any CPU
		{A9C96861-8A59-41F2-B312-42330A816CD5}.Release|Any CPU.Build.0 = Release|Any CPU
		{2777AA47-DC66-41D1-95D3-CA2EBE112813}.Debug|Any CPU.ActiveCfg = Debug|Any CPU
		{2777AA47-DC66-41D1-95D3-CA2EBE112813}.Debug|Any CPU.Build.0 = Debug|Any CPU
		{2777AA47-DC66-41D1-95D3-CA2EBE112813}.Release|Any CPU.ActiveCfg = Release|Any CPU
		{2777AA47-DC66-41D1-95D3-CA2EBE112813}.Release|Any CPU.Build.0 = Release|Any CPU
		{647F5CEB-823B-4BFF-A892-02D083FF8565}.Debug|Any CPU.ActiveCfg = Debug|Any CPU
		{647F5CEB-823B-4BFF-A892-02D083FF8565}.Debug|Any CPU.Build.0 = Debug|Any CPU
		{647F5CEB-823B-4BFF-A892-02D083FF8565}.Release|Any CPU.ActiveCfg = Release|Any CPU
		{647F5CEB-823B-4BFF-A892-02D083FF8565}.Release|Any CPU.Build.0 = Release|Any CPU
	EndGlobalSection
	GlobalSection(SolutionProperties) = preSolution
		HideSolutionNode = FALSE
	EndGlobalSection
	GlobalSection(ExtensibilityGlobals) = postSolution
		SolutionGuid = {E77FA62D-4E54-4D7C-90A8-C742C092256C}
	EndGlobalSection
EndGlobal
